
Microsoft Visual Studio Solution File, Format Version 12.00
Project("{FAE04EC0-301F-11D3-BF4B-00C04F79EFBC}") = "MauiBrowser", "MauiBrowser\MauiBrowser.csproj", "{F82C1728-8048-4940-B7B4-D3B3C13BE86D}"
EndProject
Global
	GlobalSection(SolutionConfigurationPlatforms) = preSolution
		Debug|Any CPU = Debug|Any CPU
		Release|Any CPU = Release|Any CPU
	EndGlobalSection
	GlobalSection(ProjectConfigurationPlatforms) = postSolution
		{F82C1728-8048-4940-B7B4-D3B3C13BE86D}.Debug|Any CPU.ActiveCfg = Debug|Any CPU
		{F82C1728-8048-4940-B7B4-D3B3C13BE86D}.Debug|Any CPU.Build.0 = Debug|Any CPU
		{F82C1728-8048-4940-B7B4-D3B3C13BE86D}.Release|Any CPU.ActiveCfg = Release|Any CPU
		{F82C1728-8048-4940-B7B4-D3B3C13BE86D}.Release|Any CPU.Build.0 = Release|Any CPU
	EndGlobalSection
EndGlobal
